
Microsoft Visual Studio Solution File, Format Version 12.00
# Visual Studio Version 16
VisualStudioVersion = 16.0.30330.147
MinimumVisualStudioVersion = 10.0.40219.1
Project("{FAE04EC0-301F-11D3-BF4B-00C04F79EFBC}") = "kenneth_SistemJualBeli", "kenneth_SistemJualBeli\kenneth_SistemJualBeli.csproj", "{B88B518D-F5DD-40FB-AD5B-9F4A006DEDEE}"
EndProject
Project("{FAE04EC0-301F-11D3-BF4B-00C04F79EFBC}") = "kenneth_ClassJualBeli", "kenneth_ClassJualBeli\kenneth_ClassJualBeli.csproj", "{320F8ED6-55F0-411B-9788-694BC095F907}"
EndProject
Global
	GlobalSection(SolutionConfigurationPlatforms) = preSolution
		Debug|Any CPU = Debug|Any CPU
		Release|Any CPU = Release|Any CPU
	EndGlobalSection
	GlobalSection(ProjectConfigurationPlatforms) = postSolution
		{B88B518D-F5DD-40FB-AD5B-9F4A006DEDEE}.Debug|Any CPU.ActiveCfg = Debug|Any CPU
		{B88B518D-F5DD-40FB-AD5B-9F4A006DEDEE}.Debug|Any CPU.Build.0 = Debug|Any CPU
		{B88B518D-F5DD-40FB-AD5B-9F4A006DEDEE}.Release|Any CPU.ActiveCfg = Release|Any CPU
		{B88B518D-F5DD-40FB-AD5B-9F4A006DEDEE}.Release|Any CPU.Build.0 = Release|Any CPU
		{320F8ED6-55F0-411B-9788-694BC095F907}.Debug|Any CPU.ActiveCfg = Debug|Any CPU
		{320F8ED6-55F0-411B-9788-694BC095F907}.Debug|Any CPU.Build.0 = Debug|Any CPU
		{320F8ED6-55F0-411B-9788-694BC095F907}.Release|Any CPU.ActiveCfg = Release|Any CPU
		{320F8ED6-55F0-411B-9788-694BC095F907}.Release|Any CPU.Build.0 = Release|Any CPU
	EndGlobalSection
	GlobalSection(SolutionProperties) = preSolution
		HideSolutionNode = FALSE
	EndGlobalSection
	GlobalSection(ExtensibilityGlobals) = postSolution
		SolutionGuid = {1E817499-F230-4D55-99E9-D32145D13A48}
	EndGlobalSection
EndGlobal
